
Microsoft Visual Studio Solution File, Format Version 12.00
# Visual Studio Version 17
VisualStudioVersion = 17.8.34316.72
MinimumVisualStudioVersion = 10.0.40219.1
Project("{9A19103F-16F7-4668-BE54-9A1E7A4F7556}") = "Excel", "Excel\Excel.csproj", "{3F983B56-2352-4970-BAC0-448353287D0B}"
EndProject
Project("{9A19103F-16F7-4668-BE54-9A1E7A4F7556}") = "ExcelParser", "ExcelParser\ExcelParser.csproj", "{C11070B0-F27F-4C81-B6FF-F40BA8418811}"
EndProject
Project("{FAE04EC0-301F-11D3-BF4B-00C04F79EFBC}") = "Parser.Tests", "Parser.Tests\Parser.Tests.csproj", "{BFEC6A55-38CF-4E6C-8C05-78404FC9F480}"
EndProject
Global
	GlobalSection(SolutionConfigurationPlatforms) = preSolution
		Debug|Any CPU = Debug|Any CPU
		Release|Any CPU = Release|Any CPU
	EndGlobalSection
	GlobalSection(ProjectConfigurationPlatforms) = postSolution
		{3F983B56-2352-4970-BAC0-448353287D0B}.Debug|Any CPU.ActiveCfg = Debug|Any CPU
		{3F983B56-2352-4970-BAC0-448353287D0B}.Debug|Any CPU.Build.0 = Debug|Any CPU
		{3F983B56-2352-4970-BAC0-448353287D0B}.Debug|Any CPU.Deploy.0 = Debug|Any CPU
		{3F983B56-2352-4970-BAC0-448353287D0B}.Release|Any CPU.ActiveCfg = Release|Any CPU
		{3F983B56-2352-4970-BAC0-448353287D0B}.Release|Any CPU.Build.0 = Release|Any CPU
		{3F983B56-2352-4970-BAC0-448353287D0B}.Release|Any CPU.Deploy.0 = Release|Any CPU
		{C11070B0-F27F-4C81-B6FF-F40BA8418811}.Debug|Any CPU.ActiveCfg = Debug|Any CPU
		{C11070B0-F27F-4C81-B6FF-F40BA8418811}.Debug|Any CPU.Build.0 = Debug|Any CPU
		{C11070B0-F27F-4C81-B6FF-F40BA8418811}.Release|Any CPU.ActiveCfg = Release|Any CPU
		{C11070B0-F27F-4C81-B6FF-F40BA8418811}.Release|Any CPU.Build.0 = Release|Any CPU
		{BFEC6A55-38CF-4E6C-8C05-78404FC9F480}.Debug|Any CPU.ActiveCfg = Debug|Any CPU
		{BFEC6A55-38CF-4E6C-8C05-78404FC9F480}.Debug|Any CPU.Build.0 = Debug|Any CPU
		{BFEC6A55-38CF-4E6C-8C05-78404FC9F480}.Release|Any CPU.ActiveCfg = Release|Any CPU
		{BFEC6A55-38CF-4E6C-8C05-78404FC9F480}.Release|Any CPU.Build.0 = Release|Any CPU
	EndGlobalSection
	GlobalSection(SolutionProperties) = preSolution
		HideSolutionNode = FALSE
	EndGlobalSection
	GlobalSection(ExtensibilityGlobals) = postSolution
		SolutionGuid = {A5F883DB-163A-4684-81D4-125E4CFBF166}
	EndGlobalSection
EndGlobal
